
Microsoft Visual Studio Solution File, Format Version 12.00
# Visual Studio Version 16
VisualStudioVersion = 16.0.31911.196
MinimumVisualStudioVersion = 10.0.40219.1
Project("{FAE04EC0-301F-11D3-BF4B-00C04F79EFBC}") = "Ejercicio1SitioWeb", "Ejercicio1SitioWeb\Ejercicio1SitioWeb.csproj", "{0B5567F1-E7BC-40C2-BBA9-94C24F0D5548}"
EndProject
Project("{FAE04EC0-301F-11D3-BF4B-00C04F79EFBC}") = "Ejercicio1SitioWeb.Tests", "Ejercicio1SitioWeb.Tests\Ejercicio1SitioWeb.Tests.csproj", "{987E1595-60BF-409C-AE53-4EEAB92805F6}"
EndProject
Global
	GlobalSection(SolutionConfigurationPlatforms) = preSolution
		Debug|Any CPU = Debug|Any CPU
		Release|Any CPU = Release|Any CPU
	EndGlobalSection
	GlobalSection(ProjectConfigurationPlatforms) = postSolution
		{0B5567F1-E7BC-40C2-BBA9-94C24F0D5548}.Debug|Any CPU.ActiveCfg = Debug|Any CPU
		{0B5567F1-E7BC-40C2-BBA9-94C24F0D5548}.Debug|Any CPU.Build.0 = Debug|Any CPU
		{0B5567F1-E7BC-40C2-BBA9-94C24F0D5548}.Release|Any CPU.ActiveCfg = Release|Any CPU
		{0B5567F1-E7BC-40C2-BBA9-94C24F0D5548}.Release|Any CPU.Build.0 = Release|Any CPU
		{987E1595-60BF-409C-AE53-4EEAB92805F6}.Debug|Any CPU.ActiveCfg = Debug|Any CPU
		{987E1595-60BF-409C-AE53-4EEAB92805F6}.Debug|Any CPU.Build.0 = Debug|Any CPU
		{987E1595-60BF-409C-AE53-4EEAB92805F6}.Release|Any CPU.ActiveCfg = Release|Any CPU
		{987E1595-60BF-409C-AE53-4EEAB92805F6}.Release|Any CPU.Build.0 = Release|Any CPU
	EndGlobalSection
	GlobalSection(SolutionProperties) = preSolution
		HideSolutionNode = FALSE
	EndGlobalSection
	GlobalSection(ExtensibilityGlobals) = postSolution
		SolutionGuid = {0C26515D-4DB2-49DF-B0E8-1EB47D461310}
	EndGlobalSection
EndGlobal
